
Microsoft Visual Studio Solution File, Format Version 9.00
# Visual Studio 2005
Project("{FAE04EC0-301F-11D3-BF4B-00C04F79EFBC}") = "CABDevExpress.ExtensionKit", "CABDevExpress.ExtensionKit\CABDevExpress.ExtensionKit.csproj", "{811DD8C8-6696-4566-A142-8ED28759D7A5}"
	ProjectSection(WebsiteProperties) = preProject
		Debug.AspNetCompiler.Debug = "True"
		Release.AspNetCompiler.Debug = "False"
	EndProjectSection
EndProject
Project("{FAE04EC0-301F-11D3-BF4B-00C04F79EFBC}") = "CABDevExpress.ExtensionKit.Tests", "CABDevExpress.ExtensionKit.Tests\CABDevExpress.ExtensionKit.Tests.csproj", "{EEED0AF9-C263-4ACC-923B-8F5CFDF247C0}"
	ProjectSection(WebsiteProperties) = preProject
		Debug.AspNetCompiler.Debug = "True"
		Release.AspNetCompiler.Debug = "False"
	EndProjectSection
EndProject
Global
	GlobalSection(SolutionConfigurationPlatforms) = preSolution
		Debug|Any CPU = Debug|Any CPU
		Release|Any CPU = Release|Any CPU
	EndGlobalSection
	GlobalSection(ProjectConfigurationPlatforms) = postSolution
		{811DD8C8-6696-4566-A142-8ED28759D7A5}.Debug|Any CPU.ActiveCfg = Debug|Any CPU
		{811DD8C8-6696-4566-A142-8ED28759D7A5}.Debug|Any CPU.Build.0 = Debug|Any CPU
		{811DD8C8-6696-4566-A142-8ED28759D7A5}.Release|Any CPU.ActiveCfg = Release|Any CPU
		{811DD8C8-6696-4566-A142-8ED28759D7A5}.Release|Any CPU.Build.0 = Release|Any CPU
		{EEED0AF9-C263-4ACC-923B-8F5CFDF247C0}.Debug|Any CPU.ActiveCfg = Debug|Any CPU
		{EEED0AF9-C263-4ACC-923B-8F5CFDF247C0}.Debug|Any CPU.Build.0 = Debug|Any CPU
		{EEED0AF9-C263-4ACC-923B-8F5CFDF247C0}.Release|Any CPU.ActiveCfg = Release|Any CPU
		{EEED0AF9-C263-4ACC-923B-8F5CFDF247C0}.Release|Any CPU.Build.0 = Release|Any CPU
	EndGlobalSection
	GlobalSection(SolutionProperties) = preSolution
		HideSolutionNode = FALSE
	EndGlobalSection
	GlobalSection(TeamFoundationVersionControl) = preSolution
		SccNumberOfProjects = 2
		SccEnterpriseProvider = {4CA58AB2-18FA-4F8D-95D4-32DDF27D184C}
		SccTeamFoundationServer = https://tfs03.codeplex.com/
		SccLocalPath0 = .
		SccProjectUniqueName1 = CABDevExpress.ExtensionKit.csproj
		SccLocalPath1 = .
	EndGlobalSection
EndGlobal
