
Microsoft Visual Studio Solution File, Format Version 9.00
# Visual Studio 2005
Project("{2150E333-8FDC-42A3-9474-1A3956D46DE8}") = "CAB", "CAB", "{CC51C7FA-856F-43E6-9895-AEBE50B5CADE}"
	ProjectSection(WebsiteProperties) = preProject
		Debug.AspNetCompiler.Debug = "True"
		Release.AspNetCompiler.Debug = "False"
	EndProjectSection
EndProject
Project("{FAE04EC0-301F-11D3-BF4B-00C04F79EFBC}") = "BankShell", "QuickStarts\BankTeller\BankShell\BankShell.csproj", "{62B89443-7C08-4753-9C43-F53DABF7549D}"
	ProjectSection(WebsiteProperties) = preProject
		Debug.AspNetCompiler.Debug = "True"
		Release.AspNetCompiler.Debug = "False"
	EndProjectSection
	ProjectSection(ProjectDependencies) = postProject
		{5461523C-4DCE-4672-BC72-7F0C99501F43} = {5461523C-4DCE-4672-BC72-7F0C99501F43}
		{A7848178-09E6-4FC7-A21E-9CB9418984A5} = {A7848178-09E6-4FC7-A21E-9CB9418984A5}
	EndProjectSection
EndProject
Project("{FAE04EC0-301F-11D3-BF4B-00C04F79EFBC}") = "BankTellerCommon", "QuickStarts\BankTeller\BankTellerCommon\BankTellerCommon.csproj", "{5461523C-4DCE-4672-BC72-7F0C99501F43}"
	ProjectSection(WebsiteProperties) = preProject
		Debug.AspNetCompiler.Debug = "True"
		Release.AspNetCompiler.Debug = "False"
	EndProjectSection
EndProject
Project("{FAE04EC0-301F-11D3-BF4B-00C04F79EFBC}") = "CustomerMapExtensionModule", "QuickStarts\BankTeller\BankTellerModuleExtension\CustomerMapExtensionModule.csproj", "{A7848178-09E6-4FC7-A21E-9CB9418984A5}"
	ProjectSection(WebsiteProperties) = preProject
		Debug.AspNetCompiler.Debug = "True"
		Release.AspNetCompiler.Debug = "False"
	EndProjectSection
EndProject
Project("{FAE04EC0-301F-11D3-BF4B-00C04F79EFBC}") = "BankTellerModule", "QuickStarts\BankTeller\BankTellerModule\BankTellerModule.csproj", "{F5E262B3-2535-4579-B2A6-3FC5BD45EABB}"
	ProjectSection(WebsiteProperties) = preProject
		Debug.AspNetCompiler.Debug = "True"
		Release.AspNetCompiler.Debug = "False"
	EndProjectSection
EndProject
Project("{FAE04EC0-301F-11D3-BF4B-00C04F79EFBC}") = "DevExpress.CompositeUI", "..\DevExpress.CompositeUI\DevExpress.CompositeUI.csproj", "{811DD8C8-6696-4566-A142-8ED28759D7A5}"
	ProjectSection(WebsiteProperties) = preProject
		Debug.AspNetCompiler.Debug = "True"
		Release.AspNetCompiler.Debug = "False"
	EndProjectSection
EndProject
Global
	GlobalSection(SolutionConfigurationPlatforms) = preSolution
		Debug|Any CPU = Debug|Any CPU
		Release|Any CPU = Release|Any CPU
	EndGlobalSection
	GlobalSection(ProjectConfigurationPlatforms) = postSolution
		{62B89443-7C08-4753-9C43-F53DABF7549D}.Debug|Any CPU.ActiveCfg = Debug|Any CPU
		{62B89443-7C08-4753-9C43-F53DABF7549D}.Debug|Any CPU.Build.0 = Debug|Any CPU
		{62B89443-7C08-4753-9C43-F53DABF7549D}.Release|Any CPU.ActiveCfg = Release|Any CPU
		{62B89443-7C08-4753-9C43-F53DABF7549D}.Release|Any CPU.Build.0 = Release|Any CPU
		{5461523C-4DCE-4672-BC72-7F0C99501F43}.Debug|Any CPU.ActiveCfg = Debug|Any CPU
		{5461523C-4DCE-4672-BC72-7F0C99501F43}.Debug|Any CPU.Build.0 = Debug|Any CPU
		{5461523C-4DCE-4672-BC72-7F0C99501F43}.Release|Any CPU.ActiveCfg = Release|Any CPU
		{5461523C-4DCE-4672-BC72-7F0C99501F43}.Release|Any CPU.Build.0 = Release|Any CPU
		{A7848178-09E6-4FC7-A21E-9CB9418984A5}.Debug|Any CPU.ActiveCfg = Debug|Any CPU
		{A7848178-09E6-4FC7-A21E-9CB9418984A5}.Debug|Any CPU.Build.0 = Debug|Any CPU
		{A7848178-09E6-4FC7-A21E-9CB9418984A5}.Release|Any CPU.ActiveCfg = Release|Any CPU
		{A7848178-09E6-4FC7-A21E-9CB9418984A5}.Release|Any CPU.Build.0 = Release|Any CPU
		{F5E262B3-2535-4579-B2A6-3FC5BD45EABB}.Debug|Any CPU.ActiveCfg = Debug|Any CPU
		{F5E262B3-2535-4579-B2A6-3FC5BD45EABB}.Debug|Any CPU.Build.0 = Debug|Any CPU
		{F5E262B3-2535-4579-B2A6-3FC5BD45EABB}.Release|Any CPU.ActiveCfg = Release|Any CPU
		{F5E262B3-2535-4579-B2A6-3FC5BD45EABB}.Release|Any CPU.Build.0 = Release|Any CPU
		{811DD8C8-6696-4566-A142-8ED28759D7A5}.Debug|Any CPU.ActiveCfg = Debug|Any CPU
		{811DD8C8-6696-4566-A142-8ED28759D7A5}.Debug|Any CPU.Build.0 = Debug|Any CPU
		{811DD8C8-6696-4566-A142-8ED28759D7A5}.Release|Any CPU.ActiveCfg = Release|Any CPU
		{811DD8C8-6696-4566-A142-8ED28759D7A5}.Release|Any CPU.Build.0 = Release|Any CPU
	EndGlobalSection
	GlobalSection(SolutionProperties) = preSolution
		HideSolutionNode = FALSE
	EndGlobalSection
	GlobalSection(NestedProjects) = preSolution
		{811DD8C8-6696-4566-A142-8ED28759D7A5} = {CC51C7FA-856F-43E6-9895-AEBE50B5CADE}
	EndGlobalSection
	GlobalSection(TeamFoundationVersionControl) = preSolution
		SccNumberOfProjects = 6
		SccEnterpriseProvider = {4CA58AB2-18FA-4F8D-95D4-32DDF27D184C}
		SccTeamFoundationServer = https://tfs03.codeplex.com/
		SccProjectUniqueName0 = ..\\DevExpress.CompositeUI\\DevExpress.CompositeUI.csproj
		SccProjectTopLevelParentUniqueName0 = BankTeller\u0020QuickStart.sln
		SccProjectName0 = ../DevExpress.CompositeUI
		SccLocalPath0 = ..\\DevExpress.CompositeUI
		SccLocalPath1 = .
		SccProjectUniqueName2 = QuickStarts\\BankTeller\\BankShell\\BankShell.csproj
		SccProjectName2 = QuickStarts/BankTeller/BankShell
		SccLocalPath2 = QuickStarts\\BankTeller\\BankShell
		SccProjectUniqueName3 = QuickStarts\\BankTeller\\BankTellerCommon\\BankTellerCommon.csproj
		SccProjectName3 = QuickStarts/BankTeller/BankTellerCommon
		SccLocalPath3 = QuickStarts\\BankTeller\\BankTellerCommon
		SccProjectUniqueName4 = QuickStarts\\BankTeller\\BankTellerModule\\BankTellerModule.csproj
		SccProjectName4 = QuickStarts/BankTeller/BankTellerModule
		SccLocalPath4 = QuickStarts\\BankTeller\\BankTellerModule
		SccProjectUniqueName5 = QuickStarts\\BankTeller\\BankTellerModuleExtension\\CustomerMapExtensionModule.csproj
		SccProjectName5 = QuickStarts/BankTeller/BankTellerModuleExtension
		SccLocalPath5 = QuickStarts\\BankTeller\\BankTellerModuleExtension
	EndGlobalSection
EndGlobal
